// !$*UTF8*$!
{
	archiveVersion = 1;
	classes = {
	};
	objectVersion = 56;
	objects = {

/* Begin PBXBuildFile section */
		AA39293C2A6C439700DFEA90 /* APIKeys.plist in Resources */ = {isa = PBXBuildFile; fileRef = AA39293B2A6C439700DFEA90 /* APIKeys.plist */; };
		AA39293F2A6C54EA00DFEA90 /* WebAccess.swift in Sources */ = {isa = PBXBuildFile; fileRef = AA39293E2A6C54EA00DFEA90 /* WebAccess.swift */; };
		AA72D04A2A68B78B00F1C098 /* GridMoviesView.swift in Sources */ = {isa = PBXBuildFile; fileRef = AA72D0492A68B78B00F1C098 /* GridMoviesView.swift */; };
		AA72D04C2A6996F800F1C098 /* MoviePreviewView.swift in Sources */ = {isa = PBXBuildFile; fileRef = AA72D04B2A6996F800F1C098 /* MoviePreviewView.swift */; };
		AA72D04E2A6A05FB00F1C098 /* SearchView.swift in Sources */ = {isa = PBXBuildFile; fileRef = AA72D04D2A6A05FB00F1C098 /* SearchView.swift */; };
		AAB331CD2A661B73002D08ED /* MovieApp.swift in Sources */ = {isa = PBXBuildFile; fileRef = AAB331CC2A661B73002D08ED /* MovieApp.swift */; };
		AAB331CF2A661B73002D08ED /* ContentView.swift in Sources */ = {isa = PBXBuildFile; fileRef = AAB331CE2A661B73002D08ED /* ContentView.swift */; };
		AAB331D12A661B74002D08ED /* Assets.xcassets in Resources */ = {isa = PBXBuildFile; fileRef = AAB331D02A661B74002D08ED /* Assets.xcassets */; };
		AAB331D52A661B74002D08ED /* Preview Assets.xcassets in Resources */ = {isa = PBXBuildFile; fileRef = AAB331D42A661B74002D08ED /* Preview Assets.xcassets */; };
		AAB331DC2A675EC7002D08ED /* MovieDetailView.swift in Sources */ = {isa = PBXBuildFile; fileRef = AAB331DB2A675EC7002D08ED /* MovieDetailView.swift */; };
		AACF1B672A7207B30027E02D /* RatingBar.swift in Sources */ = {isa = PBXBuildFile; fileRef = AACF1B662A7207B30027E02D /* RatingBar.swift */; };
		AACF1B692A7460CC0027E02D /* ExpandText.swift in Sources */ = {isa = PBXBuildFile; fileRef = AACF1B682A7460CC0027E02D /* ExpandText.swift */; };
		AACF1B6B2A749DB00027E02D /* MovieLabel.swift in Sources */ = {isa = PBXBuildFile; fileRef = AACF1B6A2A749DB00027E02D /* MovieLabel.swift */; };
/* End PBXBuildFile section */

/* Begin PBXFileReference section */
		AA39293B2A6C439700DFEA90 /* APIKeys.plist */ = {isa = PBXFileReference; lastKnownFileType = text.plist.xml; path = APIKeys.plist; sourceTree = "<group>"; };
		AA39293E2A6C54EA00DFEA90 /* WebAccess.swift */ = {isa = PBXFileReference; lastKnownFileType = sourcecode.swift; path = WebAccess.swift; sourceTree = "<group>"; };
		AA72D0492A68B78B00F1C098 /* GridMoviesView.swift */ = {isa = PBXFileReference; lastKnownFileType = sourcecode.swift; path = GridMoviesView.swift; sourceTree = "<group>"; };
		AA72D04B2A6996F800F1C098 /* MoviePreviewView.swift */ = {isa = PBXFileReference; lastKnownFileType = sourcecode.swift; path = MoviePreviewView.swift; sourceTree = "<group>"; };
		AA72D04D2A6A05FB00F1C098 /* SearchView.swift */ = {isa = PBXFileReference; lastKnownFileType = sourcecode.swift; path = SearchView.swift; sourceTree = "<group>"; };
		AAB331C92A661B73002D08ED /* Movie.app */ = {isa = PBXFileReference; explicitFileType = wrapper.application; includeInIndex = 0; path = Movie.app; sourceTree = BUILT_PRODUCTS_DIR; };
		AAB331CC2A661B73002D08ED /* MovieApp.swift */ = {isa = PBXFileReference; lastKnownFileType = sourcecode.swift; path = MovieApp.swift; sourceTree = "<group>"; };
		AAB331CE2A661B73002D08ED /* ContentView.swift */ = {isa = PBXFileReference; lastKnownFileType = sourcecode.swift; path = ContentView.swift; sourceTree = "<group>"; };
		AAB331D02A661B74002D08ED /* Assets.xcassets */ = {isa = PBXFileReference; lastKnownFileType = folder.assetcatalog; path = Assets.xcassets; sourceTree = "<group>"; };
		AAB331D22A661B74002D08ED /* Movie.entitlements */ = {isa = PBXFileReference; lastKnownFileType = text.plist.entitlements; path = Movie.entitlements; sourceTree = "<group>"; };
		AAB331D42A661B74002D08ED /* Preview Assets.xcassets */ = {isa = PBXFileReference; lastKnownFileType = folder.assetcatalog; path = "Preview Assets.xcassets"; sourceTree = "<group>"; };
		AAB331DB2A675EC7002D08ED /* MovieDetailView.swift */ = {isa = PBXFileReference; lastKnownFileType = sourcecode.swift; path = MovieDetailView.swift; sourceTree = "<group>"; };
		AACF1B662A7207B30027E02D /* RatingBar.swift */ = {isa = PBXFileReference; lastKnownFileType = sourcecode.swift; path = RatingBar.swift; sourceTree = "<group>"; };
		AACF1B682A7460CC0027E02D /* ExpandText.swift */ = {isa = PBXFileReference; lastKnownFileType = sourcecode.swift; path = ExpandText.swift; sourceTree = "<group>"; };
		AACF1B6A2A749DB00027E02D /* MovieLabel.swift */ = {isa = PBXFileReference; lastKnownFileType = sourcecode.swift; path = MovieLabel.swift; sourceTree = "<group>"; };
/* End PBXFileReference section */

/* Begin PBXFrameworksBuildPhase section */
		AAB331C62A661B73002D08ED /* Frameworks */ = {
			isa = PBXFrameworksBuildPhase;
			buildActionMask = 2147483647;
			files = (
			);
			runOnlyForDeploymentPostprocessing = 0;
		};
/* End PBXFrameworksBuildPhase section */

/* Begin PBXGroup section */
		AA39293D2A6C541500DFEA90 /* Utility */ = {
			isa = PBXGroup;
			children = (
				AA39293E2A6C54EA00DFEA90 /* WebAccess.swift */,
			);
			path = Utility;
			sourceTree = "<group>";
		};
		AAB331C02A661B73002D08ED = {
			isa = PBXGroup;
			children = (
				AAB331CB2A661B73002D08ED /* Movie */,
				AAB331CA2A661B73002D08ED /* Products */,
			);
			sourceTree = "<group>";
		};
		AAB331CA2A661B73002D08ED /* Products */ = {
			isa = PBXGroup;
			children = (
				AAB331C92A661B73002D08ED /* Movie.app */,
			);
			name = Products;
			sourceTree = "<group>";
		};
		AAB331CB2A661B73002D08ED /* Movie */ = {
			isa = PBXGroup;
			children = (
				AA39293D2A6C541500DFEA90 /* Utility */,
				AAB331CC2A661B73002D08ED /* MovieApp.swift */,
				AAB331CE2A661B73002D08ED /* ContentView.swift */,
				AA72D04D2A6A05FB00F1C098 /* SearchView.swift */,
				AA72D0492A68B78B00F1C098 /* GridMoviesView.swift */,
				AA39293B2A6C439700DFEA90 /* APIKeys.plist */,
				AA72D04B2A6996F800F1C098 /* MoviePreviewView.swift */,
				AAB331DB2A675EC7002D08ED /* MovieDetailView.swift */,
				AACF1B682A7460CC0027E02D /* ExpandText.swift */,
				AACF1B662A7207B30027E02D /* RatingBar.swift */,
				AAB331D02A661B74002D08ED /* Assets.xcassets */,
				AAB331D22A661B74002D08ED /* Movie.entitlements */,
				AAB331D32A661B74002D08ED /* Preview Content */,
				AACF1B6A2A749DB00027E02D /* MovieLabel.swift */,
			);
			path = Movie;
			sourceTree = "<group>";
		};
		AAB331D32A661B74002D08ED /* Preview Content */ = {
			isa = PBXGroup;
			children = (
				AAB331D42A661B74002D08ED /* Preview Assets.xcassets */,
			);
			path = "Preview Content";
			sourceTree = "<group>";
		};
/* End PBXGroup section */

/* Begin PBXNativeTarget section */
		AAB331C82A661B73002D08ED /* Movie */ = {
			isa = PBXNativeTarget;
			buildConfigurationList = AAB331D82A661B74002D08ED /* Build configuration list for PBXNativeTarget "Movie" */;
			buildPhases = (
				AAB331C52A661B73002D08ED /* Sources */,
				AAB331C62A661B73002D08ED /* Frameworks */,
				AAB331C72A661B73002D08ED /* Resources */,
			);
			buildRules = (
			);
			dependencies = (
			);
			name = Movie;
			productName = Movie;
			productReference = AAB331C92A661B73002D08ED /* Movie.app */;
			productType = "com.apple.product-type.application";
		};
/* End PBXNativeTarget section */

/* Begin PBXProject section */
		AAB331C12A661B73002D08ED /* Project object */ = {
			isa = PBXProject;
			attributes = {
				BuildIndependentTargetsInParallel = 1;
				LastSwiftUpdateCheck = 1430;
				LastUpgradeCheck = 1430;
				TargetAttributes = {
					AAB331C82A661B73002D08ED = {
						CreatedOnToolsVersion = 14.3.1;
					};
				};
			};
			buildConfigurationList = AAB331C42A661B73002D08ED /* Build configuration list for PBXProject "Movie" */;
			compatibilityVersion = "Xcode 14.0";
			developmentRegion = en;
			hasScannedForEncodings = 0;
			knownRegions = (
				en,
				Base,
			);
			mainGroup = AAB331C02A661B73002D08ED;
			productRefGroup = AAB331CA2A661B73002D08ED /* Products */;
			projectDirPath = "";
			projectRoot = "";
			targets = (
				AAB331C82A661B73002D08ED /* Movie */,
			);
		};
/* End PBXProject section */

/* Begin PBXResourcesBuildPhase section */
		AAB331C72A661B73002D08ED /* Resources */ = {
			isa = PBXResourcesBuildPhase;
			buildActionMask = 2147483647;
			files = (
				AA39293C2A6C439700DFEA90 /* APIKeys.plist in Resources */,
				AAB331D52A661B74002D08ED /* Preview Assets.xcassets in Resources */,
				AAB331D12A661B74002D08ED /* Assets.xcassets in Resources */,
			);
			runOnlyForDeploymentPostprocessing = 0;
		};
/* End PBXResourcesBuildPhase section */

/* Begin PBXSourcesBuildPhase section */
		AAB331C52A661B73002D08ED /* Sources */ = {
			isa = PBXSourcesBuildPhase;
			buildActionMask = 2147483647;
			files = (
				AA39293F2A6C54EA00DFEA90 /* WebAccess.swift in Sources */,
				AAB331DC2A675EC7002D08ED /* MovieDetailView.swift in Sources */,
				AAB331CF2A661B73002D08ED /* ContentView.swift in Sources */,
				AA72D04C2A6996F800F1C098 /* MoviePreviewView.swift in Sources */,
				AACF1B672A7207B30027E02D /* RatingBar.swift in Sources */,
				AACF1B6B2A749DB00027E02D /* MovieLabel.swift in Sources */,
				AAB331CD2A661B73002D08ED /* MovieApp.swift in Sources */,
				AACF1B692A7460CC0027E02D /* ExpandText.swift in Sources */,
				AA72D04E2A6A05FB00F1C098 /* SearchView.swift in Sources */,
				AA72D04A2A68B78B00F1C098 /* GridMoviesView.swift in Sources */,
			);
			runOnlyForDeploymentPostprocessing = 0;
		};
/* End PBXSourcesBuildPhase section */

/* Begin XCBuildConfiguration section */
		AAB331D62A661B74002D08ED /* Debug */ = {
			isa = XCBuildConfiguration;
			buildSettings = {
				ALWAYS_SEARCH_USER_PATHS = NO;
				CLANG_ANALYZER_NONNULL = YES;
				CLANG_ANALYZER_NUMBER_OBJECT_CONVERSION = YES_AGGRESSIVE;
				CLANG_CXX_LANGUAGE_STANDARD = "gnu++20";
				CLANG_ENABLE_MODULES = YES;
				CLANG_ENABLE_OBJC_ARC = YES;
				CLANG_ENABLE_OBJC_WEAK = YES;
				CLANG_WARN_BLOCK_CAPTURE_AUTORELEASING = YES;
				CLANG_WARN_BOOL_CONVERSION = YES;
				CLANG_WARN_COMMA = YES;
				CLANG_WARN_CONSTANT_CONVERSION = YES;
				CLANG_WARN_DEPRECATED_OBJC_IMPLEMENTATIONS = YES;
				CLANG_WARN_DIRECT_OBJC_ISA_USAGE = YES_ERROR;
				CLANG_WARN_DOCUMENTATION_COMMENTS = YES;
				CLANG_WARN_EMPTY_BODY = YES;
				CLANG_WARN_ENUM_CONVERSION = YES;
				CLANG_WARN_INFINITE_RECURSION = YES;
				CLANG_WARN_INT_CONVERSION = YES;
				CLANG_WARN_NON_LITERAL_NULL_CONVERSION = YES;
				CLANG_WARN_OBJC_IMPLICIT_RETAIN_SELF = YES;
				CLANG_WARN_OBJC_LITERAL_CONVERSION = YES;
				CLANG_WARN_OBJC_ROOT_CLASS = YES_ERROR;
				CLANG_WARN_QUOTED_INCLUDE_IN_FRAMEWORK_HEADER = YES;
				CLANG_WARN_RANGE_LOOP_ANALYSIS = YES;
				CLANG_WARN_STRICT_PROTOTYPES = YES;
				CLANG_WARN_SUSPICIOUS_MOVE = YES;
				CLANG_WARN_UNGUARDED_AVAILABILITY = YES_AGGRESSIVE;
				CLANG_WARN_UNREACHABLE_CODE = YES;
				CLANG_WARN__DUPLICATE_METHOD_MATCH = YES;
				COPY_PHASE_STRIP = NO;
				DEBUG_INFORMATION_FORMAT = dwarf;
				ENABLE_STRICT_OBJC_MSGSEND = YES;
				ENABLE_TESTABILITY = YES;
				GCC_C_LANGUAGE_STANDARD = gnu11;
				GCC_DYNAMIC_NO_PIC = NO;
				GCC_NO_COMMON_BLOCKS = YES;
				GCC_OPTIMIZATION_LEVEL = 0;
				GCC_PREPROCESSOR_DEFINITIONS = (
					"DEBUG=1",
					"$(inherited)",
				);
				GCC_WARN_64_TO_32_BIT_CONVERSION = YES;
				GCC_WARN_ABOUT_RETURN_TYPE = YES_ERROR;
				GCC_WARN_UNDECLARED_SELECTOR = YES;
				GCC_WARN_UNINITIALIZED_AUTOS = YES_AGGRESSIVE;
				GCC_WARN_UNUSED_FUNCTION = YES;
				GCC_WARN_UNUSED_VARIABLE = YES;
				MTL_ENABLE_DEBUG_INFO = INCLUDE_SOURCE;
				MTL_FAST_MATH = YES;
				ONLY_ACTIVE_ARCH = YES;
				SWIFT_ACTIVE_COMPILATION_CONDITIONS = DEBUG;
				SWIFT_OPTIMIZATION_LEVEL = "-Onone";
			};
			name = Debug;
		};
		AAB331D72A661B74002D08ED /* Release */ = {
			isa = XCBuildConfiguration;
			buildSettings = {
				ALWAYS_SEARCH_USER_PATHS = NO;
				CLANG_ANALYZER_NONNULL = YES;
				CLANG_ANALYZER_NUMBER_OBJECT_CONVERSION = YES_AGGRESSIVE;
				CLANG_CXX_LANGUAGE_STANDARD = "gnu++20";
				CLANG_ENABLE_MODULES = YES;
				CLANG_ENABLE_OBJC_ARC = YES;
				CLANG_ENABLE_OBJC_WEAK = YES;
				CLANG_WARN_BLOCK_CAPTURE_AUTORELEASING = YES;
				CLANG_WARN_BOOL_CONVERSION = YES;
				CLANG_WARN_COMMA = YES;
				CLANG_WARN_CONSTANT_CONVERSION = YES;
				CLANG_WARN_DEPRECATED_OBJC_IMPLEMENTATIONS = YES;
				CLANG_WARN_DIRECT_OBJC_ISA_USAGE = YES_ERROR;
				CLANG_WARN_DOCUMENTATION_COMMENTS = YES;
				CLANG_WARN_EMPTY_BODY = YES;
				CLANG_WARN_ENUM_CONVERSION = YES;
				CLANG_WARN_INFINITE_RECURSION = YES;
				CLANG_WARN_INT_CONVERSION = YES;
				CLANG_WARN_NON_LITERAL_NULL_CONVERSION = YES;
				CLANG_WARN_OBJC_IMPLICIT_RETAIN_SELF = YES;
				CLANG_WARN_OBJC_LITERAL_CONVERSION = YES;
				CLANG_WARN_OBJC_ROOT_CLASS = YES_ERROR;
				CLANG_WARN_QUOTED_INCLUDE_IN_FRAMEWORK_HEADER = YES;
				CLANG_WARN_RANGE_LOOP_ANALYSIS = YES;
				CLANG_WARN_STRICT_PROTOTYPES = YES;
				CLANG_WARN_SUSPICIOUS_MOVE = YES;
				CLANG_WARN_UNGUARDED_AVAILABILITY = YES_AGGRESSIVE;
				CLANG_WARN_UNREACHABLE_CODE = YES;
				CLANG_WARN__DUPLICATE_METHOD_MATCH = YES;
				COPY_PHASE_STRIP = NO;
				DEBUG_INFORMATION_FORMAT = "dwarf-with-dsym";
				ENABLE_NS_ASSERTIONS = NO;
				ENABLE_STRICT_OBJC_MSGSEND = YES;
				GCC_C_LANGUAGE_STANDARD = gnu11;
				GCC_NO_COMMON_BLOCKS = YES;
				GCC_WARN_64_TO_32_BIT_CONVERSION = YES;
				GCC_WARN_ABOUT_RETURN_TYPE = YES_ERROR;
				GCC_WARN_UNDECLARED_SELECTOR = YES;
				GCC_WARN_UNINITIALIZED_AUTOS = YES_AGGRESSIVE;
				GCC_WARN_UNUSED_FUNCTION = YES;
				GCC_WARN_UNUSED_VARIABLE = YES;
				MTL_ENABLE_DEBUG_INFO = NO;
				MTL_FAST_MATH = YES;
				SWIFT_COMPILATION_MODE = wholemodule;
				SWIFT_OPTIMIZATION_LEVEL = "-O";
			};
			name = Release;
		};
		AAB331D92A661B74002D08ED /* Debug */ = {
			isa = XCBuildConfiguration;
			buildSettings = {
				ASSETCATALOG_COMPILER_APPICON_NAME = AppIcon;
				ASSETCATALOG_COMPILER_GLOBAL_ACCENT_COLOR_NAME = AccentColor;
				CODE_SIGN_ENTITLEMENTS = Movie/Movie.entitlements;
				CODE_SIGN_STYLE = Automatic;
				CURRENT_PROJECT_VERSION = 1;
				DEVELOPMENT_ASSET_PATHS = "\"Movie/Preview Content\"";
				DEVELOPMENT_TEAM = 447H88N27M;
				ENABLE_PREVIEWS = YES;
				GENERATE_INFOPLIST_FILE = YES;
				"INFOPLIST_KEY_UIApplicationSceneManifest_Generation[sdk=iphoneos*]" = YES;
				"INFOPLIST_KEY_UIApplicationSceneManifest_Generation[sdk=iphonesimulator*]" = YES;
				"INFOPLIST_KEY_UIApplicationSupportsIndirectInputEvents[sdk=iphoneos*]" = YES;
				"INFOPLIST_KEY_UIApplicationSupportsIndirectInputEvents[sdk=iphonesimulator*]" = YES;
				"INFOPLIST_KEY_UILaunchScreen_Generation[sdk=iphoneos*]" = YES;
				"INFOPLIST_KEY_UILaunchScreen_Generation[sdk=iphonesimulator*]" = YES;
				"INFOPLIST_KEY_UIStatusBarStyle[sdk=iphoneos*]" = UIStatusBarStyleDefault;
				"INFOPLIST_KEY_UIStatusBarStyle[sdk=iphonesimulator*]" = UIStatusBarStyleDefault;
				INFOPLIST_KEY_UISupportedInterfaceOrientations_iPad = "UIInterfaceOrientationPortrait UIInterfaceOrientationPortraitUpsideDown UIInterfaceOrientationLandscapeLeft UIInterfaceOrientationLandscapeRight";
				INFOPLIST_KEY_UISupportedInterfaceOrientations_iPhone = "UIInterfaceOrientationPortrait UIInterfaceOrientationLandscapeLeft UIInterfaceOrientationLandscapeRight";
				IPHONEOS_DEPLOYMENT_TARGET = 16.4;
				LD_RUNPATH_SEARCH_PATHS = "@executable_path/Frameworks";
				"LD_RUNPATH_SEARCH_PATHS[sdk=macosx*]" = "@executable_path/../Frameworks";
				MACOSX_DEPLOYMENT_TARGET = 13.3;
				MARKETING_VERSION = 1.0;
				PRODUCT_BUNDLE_IDENTIFIER = elvis.Movie;
				PRODUCT_NAME = "$(TARGET_NAME)";
				SDKROOT = auto;
				SUPPORTED_PLATFORMS = "iphoneos iphonesimulator macosx";
				SWIFT_EMIT_LOC_STRINGS = YES;
				SWIFT_VERSION = 5.0;
				TARGETED_DEVICE_FAMILY = "1,2";
			};
			name = Debug;
		};
		AAB331DA2A661B74002D08ED /* Release */ = {
			isa = XCBuildConfiguration;
			buildSettings = {
				ASSETCATALOG_COMPILER_APPICON_NAME = AppIcon;
				ASSETCATALOG_COMPILER_GLOBAL_ACCENT_COLOR_NAME = AccentColor;
				CODE_SIGN_ENTITLEMENTS = Movie/Movie.entitlements;
				CODE_SIGN_STYLE = Automatic;
				CURRENT_PROJECT_VERSION = 1;
				DEVELOPMENT_ASSET_PATHS = "\"Movie/Preview Content\"";
				DEVELOPMENT_TEAM = 447H88N27M;
				ENABLE_PREVIEWS = YES;
				GENERATE_INFOPLIST_FILE = YES;
				"INFOPLIST_KEY_UIApplicationSceneManifest_Generation[sdk=iphoneos*]" = YES;
				"INFOPLIST_KEY_UIApplicationSceneManifest_Generation[sdk=iphonesimulator*]" = YES;
				"INFOPLIST_KEY_UIApplicationSupportsIndirectInputEvents[sdk=iphoneos*]" = YES;
				"INFOPLIST_KEY_UIApplicationSupportsIndirectInputEvents[sdk=iphonesimulator*]" = YES;
				"INFOPLIST_KEY_UILaunchScreen_Generation[sdk=iphoneos*]" = YES;
				"INFOPLIST_KEY_UILaunchScreen_Generation[sdk=iphonesimulator*]" = YES;
				"INFOPLIST_KEY_UIStatusBarStyle[sdk=iphoneos*]" = UIStatusBarStyleDefault;
				"INFOPLIST_KEY_UIStatusBarStyle[sdk=iphonesimulator*]" = UIStatusBarStyleDefault;
				INFOPLIST_KEY_UISupportedInterfaceOrientations_iPad = "UIInterfaceOrientationPortrait UIInterfaceOrientationPortraitUpsideDown UIInterfaceOrientationLandscapeLeft UIInterfaceOrientationLandscapeRight";
				INFOPLIST_KEY_UISupportedInterfaceOrientations_iPhone = "UIInterfaceOrientationPortrait UIInterfaceOrientationLandscapeLeft UIInterfaceOrientationLandscapeRight";
				IPHONEOS_DEPLOYMENT_TARGET = 16.4;
				LD_RUNPATH_SEARCH_PATHS = "@executable_path/Frameworks";
				"LD_RUNPATH_SEARCH_PATHS[sdk=macosx*]" = "@executable_path/../Frameworks";
				MACOSX_DEPLOYMENT_TARGET = 13.3;
				MARKETING_VERSION = 1.0;
				PRODUCT_BUNDLE_IDENTIFIER = elvis.Movie;
				PRODUCT_NAME = "$(TARGET_NAME)";
				SDKROOT = auto;
				SUPPORTED_PLATFORMS = "iphoneos iphonesimulator macosx";
				SWIFT_EMIT_LOC_STRINGS = YES;
				SWIFT_VERSION = 5.0;
				TARGETED_DEVICE_FAMILY = "1,2";
			};
			name = Release;
		};
/* End XCBuildConfiguration section */

/* Begin XCConfigurationList section */
		AAB331C42A661B73002D08ED /* Build configuration list for PBXProject "Movie" */ = {
			isa = XCConfigurationList;
			buildConfigurations = (
				AAB331D62A661B74002D08ED /* Debug */,
				AAB331D72A661B74002D08ED /* Release */,
			);
			defaultConfigurationIsVisible = 0;
			defaultConfigurationName = Release;
		};
		AAB331D82A661B74002D08ED /* Build configuration list for PBXNativeTarget "Movie" */ = {
			isa = XCConfigurationList;
			buildConfigurations = (
				AAB331D92A661B74002D08ED /* Debug */,
				AAB331DA2A661B74002D08ED /* Release */,
			);
			defaultConfigurationIsVisible = 0;
			defaultConfigurationName = Release;
		};
/* End XCConfigurationList section */
	};
	rootObject = AAB331C12A661B73002D08ED /* Project object */;
}
